// !$*UTF8*$!
{
	archiveVersion = 1;
	classes = {
	};
	objectVersion = 50;
	objects = {

/* Begin PBXBuildFile section */
		6962291824E1C879008F1EF8 /* AppDelegate.swift in Sources */ = {isa = PBXBuildFile; fileRef = 6962291724E1C879008F1EF8 /* AppDelegate.swift */; };
		6962291A24E1C879008F1EF8 /* SceneDelegate.swift in Sources */ = {isa = PBXBuildFile; fileRef = 6962291924E1C879008F1EF8 /* SceneDelegate.swift */; };
		6962291C24E1C879008F1EF8 /* ViewController.swift in Sources */ = {isa = PBXBuildFile; fileRef = 6962291B24E1C879008F1EF8 /* ViewController.swift */; };
		6962291F24E1C879008F1EF8 /* Main.storyboard in Resources */ = {isa = PBXBuildFile; fileRef = 6962291D24E1C879008F1EF8 /* Main.storyboard */; };
		6962292224E1C879008F1EF8 /* StoringDefaultValues.xcdatamodeld in Sources */ = {isa = PBXBuildFile; fileRef = 6962292024E1C879008F1EF8 /* StoringDefaultValues.xcdatamodeld */; };
		6962292424E1C87C008F1EF8 /* Assets.xcassets in Resources */ = {isa = PBXBuildFile; fileRef = 6962292324E1C87C008F1EF8 /* Assets.xcassets */; };
		6962292724E1C87C008F1EF8 /* LaunchScreen.storyboard in Resources */ = {isa = PBXBuildFile; fileRef = 6962292524E1C87C008F1EF8 /* LaunchScreen.storyboard */; };
		6962293224E1C87C008F1EF8 /* StoringDefaultValuesTests.swift in Sources */ = {isa = PBXBuildFile; fileRef = 6962293124E1C87C008F1EF8 /* StoringDefaultValuesTests.swift */; };
		6962293D24E1C87D008F1EF8 /* StoringDefaultValuesUITests.swift in Sources */ = {isa = PBXBuildFile; fileRef = 6962293C24E1C87D008F1EF8 /* StoringDefaultValuesUITests.swift */; };
		6962294B24E1D21D008F1EF8 /* anime-original-dreamy-constellations-artwork-9t-1366x768.jpg in Resources */ = {isa = PBXBuildFile; fileRef = 6962294A24E1D21D008F1EF8 /* anime-original-dreamy-constellations-artwork-9t-1366x768.jpg */; };
/* End PBXBuildFile section */

/* Begin PBXContainerItemProxy section */
		6962292E24E1C87C008F1EF8 /* PBXContainerItemProxy */ = {
			isa = PBXContainerItemProxy;
			containerPortal = 6962290C24E1C879008F1EF8 /* Project object */;
			proxyType = 1;
			remoteGlobalIDString = 6962291324E1C879008F1EF8;
			remoteInfo = StoringDefaultValues;
		};
		6962293924E1C87D008F1EF8 /* PBXContainerItemProxy */ = {
			isa = PBXContainerItemProxy;
			containerPortal = 6962290C24E1C879008F1EF8 /* Project object */;
			proxyType = 1;
			remoteGlobalIDString = 6962291324E1C879008F1EF8;
			remoteInfo = StoringDefaultValues;
		};
/* End PBXContainerItemProxy section */

/* Begin PBXFileReference section */
		6962291424E1C879008F1EF8 /* StoringDefaultValues.app */ = {isa = PBXFileReference; explicitFileType = wrapper.application; includeInIndex = 0; path = StoringDefaultValues.app; sourceTree = BUILT_PRODUCTS_DIR; };
		6962291724E1C879008F1EF8 /* AppDelegate.swift */ = {isa = PBXFileReference; lastKnownFileType = sourcecode.swift; path = AppDelegate.swift; sourceTree = "<group>"; };
		6962291924E1C879008F1EF8 /* SceneDelegate.swift */ = {isa = PBXFileReference; lastKnownFileType = sourcecode.swift; path = SceneDelegate.swift; sourceTree = "<group>"; };
		6962291B24E1C879008F1EF8 /* ViewController.swift */ = {isa = PBXFileReference; lastKnownFileType = sourcecode.swift; path = ViewController.swift; sourceTree = "<group>"; };
		6962291E24E1C879008F1EF8 /* Base */ = {isa = PBXFileReference; lastKnownFileType = file.storyboard; name = Base; path = Base.lproj/Main.storyboard; sourceTree = "<group>"; };
		6962292124E1C879008F1EF8 /* StoringDefaultValues.xcdatamodel */ = {isa = PBXFileReference; lastKnownFileType = wrapper.xcdatamodel; path = StoringDefaultValues.xcdatamodel; sourceTree = "<group>"; };
		6962292324E1C87C008F1EF8 /* Assets.xcassets */ = {isa = PBXFileReference; lastKnownFileType = folder.assetcatalog; path = Assets.xcassets; sourceTree = "<group>"; };
		6962292624E1C87C008F1EF8 /* Base */ = {isa = PBXFileReference; lastKnownFileType = file.storyboard; name = Base; path = Base.lproj/LaunchScreen.storyboard; sourceTree = "<group>"; };
		6962292824E1C87C008F1EF8 /* Info.plist */ = {isa = PBXFileReference; lastKnownFileType = text.plist.xml; path = Info.plist; sourceTree = "<group>"; };
		6962292D24E1C87C008F1EF8 /* StoringDefaultValuesTests.xctest */ = {isa = PBXFileReference; explicitFileType = wrapper.cfbundle; includeInIndex = 0; path = StoringDefaultValuesTests.xctest; sourceTree = BUILT_PRODUCTS_DIR; };
		6962293124E1C87C008F1EF8 /* StoringDefaultValuesTests.swift */ = {isa = PBXFileReference; lastKnownFileType = sourcecode.swift; path = StoringDefaultValuesTests.swift; sourceTree = "<group>"; };
		6962293324E1C87C008F1EF8 /* Info.plist */ = {isa = PBXFileReference; lastKnownFileType = text.plist.xml; path = Info.plist; sourceTree = "<group>"; };
		6962293824E1C87C008F1EF8 /* StoringDefaultValuesUITests.xctest */ = {isa = PBXFileReference; explicitFileType = wrapper.cfbundle; includeInIndex = 0; path = StoringDefaultValuesUITests.xctest; sourceTree = BUILT_PRODUCTS_DIR; };
		6962293C24E1C87D008F1EF8 /* StoringDefaultValuesUITests.swift */ = {isa = PBXFileReference; lastKnownFileType = sourcecode.swift; path = StoringDefaultValuesUITests.swift; sourceTree = "<group>"; };
		6962293E24E1C87D008F1EF8 /* Info.plist */ = {isa = PBXFileReference; lastKnownFileType = text.plist.xml; path = Info.plist; sourceTree = "<group>"; };
		6962294A24E1D21D008F1EF8 /* anime-original-dreamy-constellations-artwork-9t-1366x768.jpg */ = {isa = PBXFileReference; lastKnownFileType = image.jpeg; path = "anime-original-dreamy-constellations-artwork-9t-1366x768.jpg"; sourceTree = "<group>"; };
/* End PBXFileReference section */

/* Begin PBXFrameworksBuildPhase section */
		6962291124E1C879008F1EF8 /* Frameworks */ = {
			isa = PBXFrameworksBuildPhase;
			buildActionMask = 2147483647;
			files = (
			);
			runOnlyForDeploymentPostprocessing = 0;
		};
		6962292A24E1C87C008F1EF8 /* Frameworks */ = {
			isa = PBXFrameworksBuildPhase;
			buildActionMask = 2147483647;
			files = (
			);
			runOnlyForDeploymentPostprocessing = 0;
		};
		6962293524E1C87C008F1EF8 /* Frameworks */ = {
			isa = PBXFrameworksBuildPhase;
			buildActionMask = 2147483647;
			files = (
			);
			runOnlyForDeploymentPostprocessing = 0;
		};
/* End PBXFrameworksBuildPhase section */

/* Begin PBXGroup section */
		6962290B24E1C879008F1EF8 = {
			isa = PBXGroup;
			children = (
				6962291624E1C879008F1EF8 /* StoringDefaultValues */,
				6962293024E1C87C008F1EF8 /* StoringDefaultValuesTests */,
				6962293B24E1C87D008F1EF8 /* StoringDefaultValuesUITests */,
				6962291524E1C879008F1EF8 /* Products */,
			);
			sourceTree = "<group>";
		};
		6962291524E1C879008F1EF8 /* Products */ = {
			isa = PBXGroup;
			children = (
				6962291424E1C879008F1EF8 /* StoringDefaultValues.app */,
				6962292D24E1C87C008F1EF8 /* StoringDefaultValuesTests.xctest */,
				6962293824E1C87C008F1EF8 /* StoringDefaultValuesUITests.xctest */,
			);
			name = Products;
			sourceTree = "<group>";
		};
		6962291624E1C879008F1EF8 /* StoringDefaultValues */ = {
			isa = PBXGroup;
			children = (
				6962291724E1C879008F1EF8 /* AppDelegate.swift */,
				6962291924E1C879008F1EF8 /* SceneDelegate.swift */,
				6962291B24E1C879008F1EF8 /* ViewController.swift */,
				6962294A24E1D21D008F1EF8 /* anime-original-dreamy-constellations-artwork-9t-1366x768.jpg */,
				6962291D24E1C879008F1EF8 /* Main.storyboard */,
				6962292324E1C87C008F1EF8 /* Assets.xcassets */,
				6962292524E1C87C008F1EF8 /* LaunchScreen.storyboard */,
				6962292824E1C87C008F1EF8 /* Info.plist */,
				6962292024E1C879008F1EF8 /* StoringDefaultValues.xcdatamodeld */,
			);
			path = StoringDefaultValues;
			sourceTree = "<group>";
		};
		6962293024E1C87C008F1EF8 /* StoringDefaultValuesTests */ = {
			isa = PBXGroup;
			children = (
				6962293124E1C87C008F1EF8 /* StoringDefaultValuesTests.swift */,
				6962293324E1C87C008F1EF8 /* Info.plist */,
			);
			path = StoringDefaultValuesTests;
			sourceTree = "<group>";
		};
		6962293B24E1C87D008F1EF8 /* StoringDefaultValuesUITests */ = {
			isa = PBXGroup;
			children = (
				6962293C24E1C87D008F1EF8 /* StoringDefaultValuesUITests.swift */,
				6962293E24E1C87D008F1EF8 /* Info.plist */,
			);
			path = StoringDefaultValuesUITests;
			sourceTree = "<group>";
		};
/* End PBXGroup section */

/* Begin PBXNativeTarget section */
		6962291324E1C879008F1EF8 /* StoringDefaultValues */ = {
			isa = PBXNativeTarget;
			buildConfigurationList = 6962294124E1C87D008F1EF8 /* Build configuration list for PBXNativeTarget "StoringDefaultValues" */;
			buildPhases = (
				6962291024E1C879008F1EF8 /* Sources */,
				6962291124E1C879008F1EF8 /* Frameworks */,
				6962291224E1C879008F1EF8 /* Resources */,
			);
			buildRules = (
			);
			dependencies = (
			);
			name = StoringDefaultValues;
			productName = StoringDefaultValues;
			productReference = 6962291424E1C879008F1EF8 /* StoringDefaultValues.app */;
			productType = "com.apple.product-type.application";
		};
		6962292C24E1C87C008F1EF8 /* StoringDefaultValuesTests */ = {
			isa = PBXNativeTarget;
			buildConfigurationList = 6962294424E1C87D008F1EF8 /* Build configuration list for PBXNativeTarget "StoringDefaultValuesTests" */;
			buildPhases = (
				6962292924E1C87C008F1EF8 /* Sources */,
				6962292A24E1C87C008F1EF8 /* Frameworks */,
				6962292B24E1C87C008F1EF8 /* Resources */,
			);
			buildRules = (
			);
			dependencies = (
				6962292F24E1C87C008F1EF8 /* PBXTargetDependency */,
			);
			name = StoringDefaultValuesTests;
			productName = StoringDefaultValuesTests;
			productReference = 6962292D24E1C87C008F1EF8 /* StoringDefaultValuesTests.xctest */;
			productType = "com.apple.product-type.bundle.unit-test";
		};
		6962293724E1C87C008F1EF8 /* StoringDefaultValuesUITests */ = {
			isa = PBXNativeTarget;
			buildConfigurationList = 6962294724E1C87D008F1EF8 /* Build configuration list for PBXNativeTarget "StoringDefaultValuesUITests" */;
			buildPhases = (
				6962293424E1C87C008F1EF8 /* Sources */,
				6962293524E1C87C008F1EF8 /* Frameworks */,
				6962293624E1C87C008F1EF8 /* Resources */,
			);
			buildRules = (
			);
			dependencies = (
				6962293A24E1C87D008F1EF8 /* PBXTargetDependency */,
			);
			name = StoringDefaultValuesUITests;
			productName = StoringDefaultValuesUITests;
			productReference = 6962293824E1C87C008F1EF8 /* StoringDefaultValuesUITests.xctest */;
			productType = "com.apple.product-type.bundle.ui-testing";
		};
/* End PBXNativeTarget section */

/* Begin PBXProject section */
		6962290C24E1C879008F1EF8 /* Project object */ = {
			isa = PBXProject;
			attributes = {
				LastSwiftUpdateCheck = 1130;
				LastUpgradeCheck = 1130;
				ORGANIZATIONNAME = "Kieon Moore";
				TargetAttributes = {
					6962291324E1C879008F1EF8 = {
						CreatedOnToolsVersion = 11.3.1;
					};
					6962292C24E1C87C008F1EF8 = {
						CreatedOnToolsVersion = 11.3.1;
						TestTargetID = 6962291324E1C879008F1EF8;
					};
					6962293724E1C87C008F1EF8 = {
						CreatedOnToolsVersion = 11.3.1;
						TestTargetID = 6962291324E1C879008F1EF8;
					};
				};
			};
			buildConfigurationList = 6962290F24E1C879008F1EF8 /* Build configuration list for PBXProject "StoringDefaultValues" */;
			compatibilityVersion = "Xcode 9.3";
			developmentRegion = en;
			hasScannedForEncodings = 0;
			knownRegions = (
				en,
				Base,
			);
			mainGroup = 6962290B24E1C879008F1EF8;
			productRefGroup = 6962291524E1C879008F1EF8 /* Products */;
			projectDirPath = "";
			projectRoot = "";
			targets = (
				6962291324E1C879008F1EF8 /* StoringDefaultValues */,
				6962292C24E1C87C008F1EF8 /* StoringDefaultValuesTests */,
				6962293724E1C87C008F1EF8 /* StoringDefaultValuesUITests */,
			);
		};
/* End PBXProject section */

/* Begin PBXResourcesBuildPhase section */
		6962291224E1C879008F1EF8 /* Resources */ = {
			isa = PBXResourcesBuildPhase;
			buildActionMask = 2147483647;
			files = (
				6962294B24E1D21D008F1EF8 /* anime-original-dreamy-constellations-artwork-9t-1366x768.jpg in Resources */,
				6962292724E1C87C008F1EF8 /* LaunchScreen.storyboard in Resources */,
				6962292424E1C87C008F1EF8 /* Assets.xcassets in Resources */,
				6962291F24E1C879008F1EF8 /* Main.storyboard in Resources */,
			);
			runOnlyForDeploymentPostprocessing = 0;
		};
		6962292B24E1C87C008F1EF8 /* Resources */ = {
			isa = PBXResourcesBuildPhase;
			buildActionMask = 2147483647;
			files = (
			);
			runOnlyForDeploymentPostprocessing = 0;
		};
		6962293624E1C87C008F1EF8 /* Resources */ = {
			isa = PBXResourcesBuildPhase;
			buildActionMask = 2147483647;
			files = (
			);
			runOnlyForDeploymentPostprocessing = 0;
		};
/* End PBXResourcesBuildPhase section */

/* Begin PBXSourcesBuildPhase section */
		6962291024E1C879008F1EF8 /* Sources */ = {
			isa = PBXSourcesBuildPhase;
			buildActionMask = 2147483647;
			files = (
				6962292224E1C879008F1EF8 /* StoringDefaultValues.xcdatamodeld in Sources */,
				6962291C24E1C879008F1EF8 /* ViewController.swift in Sources */,
				6962291824E1C879008F1EF8 /* AppDelegate.swift in Sources */,
				6962291A24E1C879008F1EF8 /* SceneDelegate.swift in Sources */,
			);
			runOnlyForDeploymentPostprocessing = 0;
		};
		6962292924E1C87C008F1EF8 /* Sources */ = {
			isa = PBXSourcesBuildPhase;
			buildActionMask = 2147483647;
			files = (
				6962293224E1C87C008F1EF8 /* StoringDefaultValuesTests.swift in Sources */,
			);
			runOnlyForDeploymentPostprocessing = 0;
		};
		6962293424E1C87C008F1EF8 /* Sources */ = {
			isa = PBXSourcesBuildPhase;
			buildActionMask = 2147483647;
			files = (
				6962293D24E1C87D008F1EF8 /* StoringDefaultValuesUITests.swift in Sources */,
			);
			runOnlyForDeploymentPostprocessing = 0;
		};
/* End PBXSourcesBuildPhase section */

/* Begin PBXTargetDependency section */
		6962292F24E1C87C008F1EF8 /* PBXTargetDependency */ = {
			isa = PBXTargetDependency;
			target = 6962291324E1C879008F1EF8 /* StoringDefaultValues */;
			targetProxy = 6962292E24E1C87C008F1EF8 /* PBXContainerItemProxy */;
		};
		6962293A24E1C87D008F1EF8 /* PBXTargetDependency */ = {
			isa = PBXTargetDependency;
			target = 6962291324E1C879008F1EF8 /* StoringDefaultValues */;
			targetProxy = 6962293924E1C87D008F1EF8 /* PBXContainerItemProxy */;
		};
/* End PBXTargetDependency section */

/* Begin PBXVariantGroup section */
		6962291D24E1C879008F1EF8 /* Main.storyboard */ = {
			isa = PBXVariantGroup;
			children = (
				6962291E24E1C879008F1EF8 /* Base */,
			);
			name = Main.storyboard;
			sourceTree = "<group>";
		};
		6962292524E1C87C008F1EF8 /* LaunchScreen.storyboard */ = {
			isa = PBXVariantGroup;
			children = (
				6962292624E1C87C008F1EF8 /* Base */,
			);
			name = LaunchScreen.storyboard;
			sourceTree = "<group>";
		};
/* End PBXVariantGroup section */

/* Begin XCBuildConfiguration section */
		6962293F24E1C87D008F1EF8 /* Debug */ = {
			isa = XCBuildConfiguration;
			buildSettings = {
				ALWAYS_SEARCH_USER_PATHS = NO;
				CLANG_ANALYZER_NONNULL = YES;
				CLANG_ANALYZER_NUMBER_OBJECT_CONVERSION = YES_AGGRESSIVE;
				CLANG_CXX_LANGUAGE_STANDARD = "gnu++14";
				CLANG_CXX_LIBRARY = "libc++";
				CLANG_ENABLE_MODULES = YES;
				CLANG_ENABLE_OBJC_ARC = YES;
				CLANG_ENABLE_OBJC_WEAK = YES;
				CLANG_WARN_BLOCK_CAPTURE_AUTORELEASING = YES;
				CLANG_WARN_BOOL_CONVERSION = YES;
				CLANG_WARN_COMMA = YES;
				CLANG_WARN_CONSTANT_CONVERSION = YES;
				CLANG_WARN_DEPRECATED_OBJC_IMPLEMENTATIONS = YES;
				CLANG_WARN_DIRECT_OBJC_ISA_USAGE = YES_ERROR;
				CLANG_WARN_DOCUMENTATION_COMMENTS = YES;
				CLANG_WARN_EMPTY_BODY = YES;
				CLANG_WARN_ENUM_CONVERSION = YES;
				CLANG_WARN_INFINITE_RECURSION = YES;
				CLANG_WARN_INT_CONVERSION = YES;
				CLANG_WARN_NON_LITERAL_NULL_CONVERSION = YES;
				CLANG_WARN_OBJC_IMPLICIT_RETAIN_SELF = YES;
				CLANG_WARN_OBJC_LITERAL_CONVERSION = YES;
				CLANG_WARN_OBJC_ROOT_CLASS = YES_ERROR;
				CLANG_WARN_RANGE_LOOP_ANALYSIS = YES;
				CLANG_WARN_STRICT_PROTOTYPES = YES;
				CLANG_WARN_SUSPICIOUS_MOVE = YES;
				CLANG_WARN_UNGUARDED_AVAILABILITY = YES_AGGRESSIVE;
				CLANG_WARN_UNREACHABLE_CODE = YES;
				CLANG_WARN__DUPLICATE_METHOD_MATCH = YES;
				COPY_PHASE_STRIP = NO;
				DEBUG_INFORMATION_FORMAT = dwarf;
				ENABLE_STRICT_OBJC_MSGSEND = YES;
				ENABLE_TESTABILITY = YES;
				GCC_C_LANGUAGE_STANDARD = gnu11;
				GCC_DYNAMIC_NO_PIC = NO;
				GCC_NO_COMMON_BLOCKS = YES;
				GCC_OPTIMIZATION_LEVEL = 0;
				GCC_PREPROCESSOR_DEFINITIONS = (
					"DEBUG=1",
					"$(inherited)",
				);
				GCC_WARN_64_TO_32_BIT_CONVERSION = YES;
				GCC_WARN_ABOUT_RETURN_TYPE = YES_ERROR;
				GCC_WARN_UNDECLARED_SELECTOR = YES;
				GCC_WARN_UNINITIALIZED_AUTOS = YES_AGGRESSIVE;
				GCC_WARN_UNUSED_FUNCTION = YES;
				GCC_WARN_UNUSED_VARIABLE = YES;
				IPHONEOS_DEPLOYMENT_TARGET = 13.2;
				MTL_ENABLE_DEBUG_INFO = INCLUDE_SOURCE;
				MTL_FAST_MATH = YES;
				ONLY_ACTIVE_ARCH = YES;
				SDKROOT = iphoneos;
				SWIFT_ACTIVE_COMPILATION_CONDITIONS = DEBUG;
				SWIFT_OPTIMIZATION_LEVEL = "-Onone";
			};
			name = Debug;
		};
		6962294024E1C87D008F1EF8 /* Release */ = {
			isa = XCBuildConfiguration;
			buildSettings = {
				ALWAYS_SEARCH_USER_PATHS = NO;
				CLANG_ANALYZER_NONNULL = YES;
				CLANG_ANALYZER_NUMBER_OBJECT_CONVERSION = YES_AGGRESSIVE;
				CLANG_CXX_LANGUAGE_STANDARD = "gnu++14";
				CLANG_CXX_LIBRARY = "libc++";
				CLANG_ENABLE_MODULES = YES;
				CLANG_ENABLE_OBJC_ARC = YES;
				CLANG_ENABLE_OBJC_WEAK = YES;
				CLANG_WARN_BLOCK_CAPTURE_AUTORELEASING = YES;
				CLANG_WARN_BOOL_CONVERSION = YES;
				CLANG_WARN_COMMA = YES;
				CLANG_WARN_CONSTANT_CONVERSION = YES;
				CLANG_WARN_DEPRECATED_OBJC_IMPLEMENTATIONS = YES;
				CLANG_WARN_DIRECT_OBJC_ISA_USAGE = YES_ERROR;
				CLANG_WARN_DOCUMENTATION_COMMENTS = YES;
				CLANG_WARN_EMPTY_BODY = YES;
				CLANG_WARN_ENUM_CONVERSION = YES;
				CLANG_WARN_INFINITE_RECURSION = YES;
				CLANG_WARN_INT_CONVERSION = YES;
				CLANG_WARN_NON_LITERAL_NULL_CONVERSION = YES;
				CLANG_WARN_OBJC_IMPLICIT_RETAIN_SELF = YES;
				CLANG_WARN_OBJC_LITERAL_CONVERSION = YES;
				CLANG_WARN_OBJC_ROOT_CLASS = YES_ERROR;
				CLANG_WARN_RANGE_LOOP_ANALYSIS = YES;
				CLANG_WARN_STRICT_PROTOTYPES = YES;
				CLANG_WARN_SUSPICIOUS_MOVE = YES;
				CLANG_WARN_UNGUARDED_AVAILABILITY = YES_AGGRESSIVE;
				CLANG_WARN_UNREACHABLE_CODE = YES;
				CLANG_WARN__DUPLICATE_METHOD_MATCH = YES;
				COPY_PHASE_STRIP = NO;
				DEBUG_INFORMATION_FORMAT = "dwarf-with-dsym";
				ENABLE_NS_ASSERTIONS = NO;
				ENABLE_STRICT_OBJC_MSGSEND = YES;
				GCC_C_LANGUAGE_STANDARD = gnu11;
				GCC_NO_COMMON_BLOCKS = YES;
				GCC_WARN_64_TO_32_BIT_CONVERSION = YES;
				GCC_WARN_ABOUT_RETURN_TYPE = YES_ERROR;
				GCC_WARN_UNDECLARED_SELECTOR = YES;
				GCC_WARN_UNINITIALIZED_AUTOS = YES_AGGRESSIVE;
				GCC_WARN_UNUSED_FUNCTION = YES;
				GCC_WARN_UNUSED_VARIABLE = YES;
				IPHONEOS_DEPLOYMENT_TARGET = 13.2;
				MTL_ENABLE_DEBUG_INFO = NO;
				MTL_FAST_MATH = YES;
				SDKROOT = iphoneos;
				SWIFT_COMPILATION_MODE = wholemodule;
				SWIFT_OPTIMIZATION_LEVEL = "-O";
				VALIDATE_PRODUCT = YES;
			};
			name = Release;
		};
		6962294224E1C87D008F1EF8 /* Debug */ = {
			isa = XCBuildConfiguration;
			buildSettings = {
				ASSETCATALOG_COMPILER_APPICON_NAME = AppIcon;
				CODE_SIGN_STYLE = Automatic;
				INFOPLIST_FILE = StoringDefaultValues/Info.plist;
				LD_RUNPATH_SEARCH_PATHS = (
					"$(inherited)",
					"@executable_path/Frameworks",
				);
				PRODUCT_BUNDLE_IDENTIFIER = com.Team5.StoringDefaultValues;
				PRODUCT_NAME = "$(TARGET_NAME)";
				SWIFT_VERSION = 5.0;
				TARGETED_DEVICE_FAMILY = "1,2";
			};
			name = Debug;
		};
		6962294324E1C87D008F1EF8 /* Release */ = {
			isa = XCBuildConfiguration;
			buildSettings = {
				ASSETCATALOG_COMPILER_APPICON_NAME = AppIcon;
				CODE_SIGN_STYLE = Automatic;
				INFOPLIST_FILE = StoringDefaultValues/Info.plist;
				LD_RUNPATH_SEARCH_PATHS = (
					"$(inherited)",
					"@executable_path/Frameworks",
				);
				PRODUCT_BUNDLE_IDENTIFIER = com.Team5.StoringDefaultValues;
				PRODUCT_NAME = "$(TARGET_NAME)";
				SWIFT_VERSION = 5.0;
				TARGETED_DEVICE_FAMILY = "1,2";
			};
			name = Release;
		};
		6962294524E1C87D008F1EF8 /* Debug */ = {
			isa = XCBuildConfiguration;
			buildSettings = {
				ALWAYS_EMBED_SWIFT_STANDARD_LIBRARIES = YES;
				BUNDLE_LOADER = "$(TEST_HOST)";
				CODE_SIGN_STYLE = Automatic;
				INFOPLIST_FILE = StoringDefaultValuesTests/Info.plist;
				IPHONEOS_DEPLOYMENT_TARGET = 13.2;
				LD_RUNPATH_SEARCH_PATHS = (
					"$(inherited)",
					"@executable_path/Frameworks",
					"@loader_path/Frameworks",
				);
				PRODUCT_BUNDLE_IDENTIFIER = com.Team5.StoringDefaultValuesTests;
				PRODUCT_NAME = "$(TARGET_NAME)";
				SWIFT_VERSION = 5.0;
				TARGETED_DEVICE_FAMILY = "1,2";
				TEST_HOST = "$(BUILT_PRODUCTS_DIR)/StoringDefaultValues.app/StoringDefaultValues";
			};
			name = Debug;
		};
		6962294624E1C87D008F1EF8 /* Release */ = {
			isa = XCBuildConfiguration;
			buildSettings = {
				ALWAYS_EMBED_SWIFT_STANDARD_LIBRARIES = YES;
				BUNDLE_LOADER = "$(TEST_HOST)";
				CODE_SIGN_STYLE = Automatic;
				INFOPLIST_FILE = StoringDefaultValuesTests/Info.plist;
				IPHONEOS_DEPLOYMENT_TARGET = 13.2;
				LD_RUNPATH_SEARCH_PATHS = (
					"$(inherited)",
					"@executable_path/Frameworks",
					"@loader_path/Frameworks",
				);
				PRODUCT_BUNDLE_IDENTIFIER = com.Team5.StoringDefaultValuesTests;
				PRODUCT_NAME = "$(TARGET_NAME)";
				SWIFT_VERSION = 5.0;
				TARGETED_DEVICE_FAMILY = "1,2";
				TEST_HOST = "$(BUILT_PRODUCTS_DIR)/StoringDefaultValues.app/StoringDefaultValues";
			};
			name = Release;
		};
		6962294824E1C87D008F1EF8 /* Debug */ = {
			isa = XCBuildConfiguration;
			buildSettings = {
				ALWAYS_EMBED_SWIFT_STANDARD_LIBRARIES = YES;
				CODE_SIGN_STYLE = Automatic;
				INFOPLIST_FILE = StoringDefaultValuesUITests/Info.plist;
				LD_RUNPATH_SEARCH_PATHS = (
					"$(inherited)",
					"@executable_path/Frameworks",
					"@loader_path/Frameworks",
				);
				PRODUCT_BUNDLE_IDENTIFIER = com.Team5.StoringDefaultValuesUITests;
				PRODUCT_NAME = "$(TARGET_NAME)";
				SWIFT_VERSION = 5.0;
				TARGETED_DEVICE_FAMILY = "1,2";
				TEST_TARGET_NAME = StoringDefaultValues;
			};
			name = Debug;
		};
		6962294924E1C87D008F1EF8 /* Release */ = {
			isa = XCBuildConfiguration;
			buildSettings = {
				ALWAYS_EMBED_SWIFT_STANDARD_LIBRARIES = YES;
				CODE_SIGN_STYLE = Automatic;
				INFOPLIST_FILE = StoringDefaultValuesUITests/Info.plist;
				LD_RUNPATH_SEARCH_PATHS = (
					"$(inherited)",
					"@executable_path/Frameworks",
					"@loader_path/Frameworks",
				);
				PRODUCT_BUNDLE_IDENTIFIER = com.Team5.StoringDefaultValuesUITests;
				PRODUCT_NAME = "$(TARGET_NAME)";
				SWIFT_VERSION = 5.0;
				TARGETED_DEVICE_FAMILY = "1,2";
				TEST_TARGET_NAME = StoringDefaultValues;
			};
			name = Release;
		};
/* End XCBuildConfiguration section */

/* Begin XCConfigurationList section */
		6962290F24E1C879008F1EF8 /* Build configuration list for PBXProject "StoringDefaultValues" */ = {
			isa = XCConfigurationList;
			buildConfigurations = (
				6962293F24E1C87D008F1EF8 /* Debug */,
				6962294024E1C87D008F1EF8 /* Release */,
			);
			defaultConfigurationIsVisible = 0;
			defaultConfigurationName = Release;
		};
		6962294124E1C87D008F1EF8 /* Build configuration list for PBXNativeTarget "StoringDefaultValues" */ = {
			isa = XCConfigurationList;
			buildConfigurations = (
				6962294224E1C87D008F1EF8 /* Debug */,
				6962294324E1C87D008F1EF8 /* Release */,
			);
			defaultConfigurationIsVisible = 0;
			defaultConfigurationName = Release;
		};
		6962294424E1C87D008F1EF8 /* Build configuration list for PBXNativeTarget "StoringDefaultValuesTests" */ = {
			isa = XCConfigurationList;
			buildConfigurations = (
				6962294524E1C87D008F1EF8 /* Debug */,
				6962294624E1C87D008F1EF8 /* Release */,
			);
			defaultConfigurationIsVisible = 0;
			defaultConfigurationName = Release;
		};
		6962294724E1C87D008F1EF8 /* Build configuration list for PBXNativeTarget "StoringDefaultValuesUITests" */ = {
			isa = XCConfigurationList;
			buildConfigurations = (
				6962294824E1C87D008F1EF8 /* Debug */,
				6962294924E1C87D008F1EF8 /* Release */,
			);
			defaultConfigurationIsVisible = 0;
			defaultConfigurationName = Release;
		};
/* End XCConfigurationList section */

/* Begin XCVersionGroup section */
		6962292024E1C879008F1EF8 /* StoringDefaultValues.xcdatamodeld */ = {
			isa = XCVersionGroup;
			children = (
				6962292124E1C879008F1EF8 /* StoringDefaultValues.xcdatamodel */,
			);
			currentVersion = 6962292124E1C879008F1EF8 /* StoringDefaultValues.xcdatamodel */;
			path = StoringDefaultValues.xcdatamodeld;
			sourceTree = "<group>";
			versionGroupType = wrapper.xcdatamodel;
		};
/* End XCVersionGroup section */
	};
	rootObject = 6962290C24E1C879008F1EF8 /* Project object */;
}
